
Microsoft Visual Studio Solution File, Format Version 12.00
# Visual Studio Version 17
VisualStudioVersion = 17.2.32616.157
MinimumVisualStudioVersion = 10.0.40219.1
Project("{9A19103F-16F7-4668-BE54-9A1E7A4F7556}") = "MonopolyRoller", "MonopolyRoller\MonopolyRoller.csproj", "{1AB5DCDD-899E-4BB1-9E4E-E938AE91ABD7}"
EndProject
Project("{9A19103F-16F7-4668-BE54-9A1E7A4F7556}") = "Test1", "Test1\Test1.csproj", "{3D293BD8-13E1-4497-B720-EA210348808B}"
EndProject
Project("{FAE04EC0-301F-11D3-BF4B-00C04F79EFBC}") = "Test2", "Test2\Test2.csproj", "{D517D11C-D5A4-4E48-9B95-9744BBB79561}"
EndProject
Project("{FAE04EC0-301F-11D3-BF4B-00C04F79EFBC}") = "Test3", "Test3\Test3.csproj", "{80A0313F-6F42-49B4-925C-094DC173EC3B}"
EndProject
Global
	GlobalSection(SolutionConfigurationPlatforms) = preSolution
		Debug|Any CPU = Debug|Any CPU
		Release|Any CPU = Release|Any CPU
	EndGlobalSection
	GlobalSection(ProjectConfigurationPlatforms) = postSolution
		{1AB5DCDD-899E-4BB1-9E4E-E938AE91ABD7}.Debug|Any CPU.ActiveCfg = Debug|Any CPU
		{1AB5DCDD-899E-4BB1-9E4E-E938AE91ABD7}.Debug|Any CPU.Build.0 = Debug|Any CPU
		{1AB5DCDD-899E-4BB1-9E4E-E938AE91ABD7}.Release|Any CPU.ActiveCfg = Release|Any CPU
		{1AB5DCDD-899E-4BB1-9E4E-E938AE91ABD7}.Release|Any CPU.Build.0 = Release|Any CPU
		{3D293BD8-13E1-4497-B720-EA210348808B}.Debug|Any CPU.ActiveCfg = Debug|Any CPU
		{3D293BD8-13E1-4497-B720-EA210348808B}.Debug|Any CPU.Build.0 = Debug|Any CPU
		{3D293BD8-13E1-4497-B720-EA210348808B}.Release|Any CPU.ActiveCfg = Release|Any CPU
		{3D293BD8-13E1-4497-B720-EA210348808B}.Release|Any CPU.Build.0 = Release|Any CPU
		{D517D11C-D5A4-4E48-9B95-9744BBB79561}.Debug|Any CPU.ActiveCfg = Debug|Any CPU
		{D517D11C-D5A4-4E48-9B95-9744BBB79561}.Debug|Any CPU.Build.0 = Debug|Any CPU
		{D517D11C-D5A4-4E48-9B95-9744BBB79561}.Release|Any CPU.ActiveCfg = Release|Any CPU
		{D517D11C-D5A4-4E48-9B95-9744BBB79561}.Release|Any CPU.Build.0 = Release|Any CPU
		{80A0313F-6F42-49B4-925C-094DC173EC3B}.Debug|Any CPU.ActiveCfg = Debug|Any CPU
		{80A0313F-6F42-49B4-925C-094DC173EC3B}.Debug|Any CPU.Build.0 = Debug|Any CPU
		{80A0313F-6F42-49B4-925C-094DC173EC3B}.Release|Any CPU.ActiveCfg = Release|Any CPU
		{80A0313F-6F42-49B4-925C-094DC173EC3B}.Release|Any CPU.Build.0 = Release|Any CPU
	EndGlobalSection
	GlobalSection(SolutionProperties) = preSolution
		HideSolutionNode = FALSE
	EndGlobalSection
	GlobalSection(ExtensibilityGlobals) = postSolution
		SolutionGuid = {F871F758-96FB-4EB0-848C-465FF884FFFC}
	EndGlobalSection
EndGlobal
